
Microsoft Visual Studio Solution File, Format Version 12.00
# Visual Studio Version 16
VisualStudioVersion = 16.0.29613.14
MinimumVisualStudioVersion = 10.0.40219.1
Project("{FAE04EC0-301F-11D3-BF4B-00C04F79EFBC}") = "VerifyIntegrations", "VerifyIntegrations\VerifyIntegrations.csproj", "{77443E67-0550-4618-B570-F55DE8B00C17}"
EndProject
Global
	GlobalSection(SolutionConfigurationPlatforms) = preSolution
		Debug|Any CPU = Debug|Any CPU
		Release|Any CPU = Release|Any CPU
	EndGlobalSection
	GlobalSection(ProjectConfigurationPlatforms) = postSolution
		{77443E67-0550-4618-B570-F55DE8B00C17}.Debug|Any CPU.ActiveCfg = Debug|Any CPU
		{77443E67-0550-4618-B570-F55DE8B00C17}.Debug|Any CPU.Build.0 = Debug|Any CPU
		{77443E67-0550-4618-B570-F55DE8B00C17}.Release|Any CPU.ActiveCfg = Release|Any CPU
		{77443E67-0550-4618-B570-F55DE8B00C17}.Release|Any CPU.Build.0 = Release|Any CPU
	EndGlobalSection
	GlobalSection(SolutionProperties) = preSolution
		HideSolutionNode = FALSE
	EndGlobalSection
	GlobalSection(ExtensibilityGlobals) = postSolution
		SolutionGuid = {3635A74E-2B47-4FF7-A09B-1E2EA861D861}
	EndGlobalSection
EndGlobal
